
Microsoft Visual Studio Solution File, Format Version 12.00
# Visual Studio 15
VisualStudioVersion = 15.0.28010.2003
MinimumVisualStudioVersion = 10.0.40219.1
Project("{9A19103F-16F7-4668-BE54-9A1E7A4F7556}") = "Petshop.Core", "Petshop.Core\Petshop.Core.csproj", "{FA3FCB7A-A532-4C49-A8DA-47FF117C70D0}"
EndProject
Project("{2150E333-8FDC-42A3-9474-1A3956D46DE8}") = "Core", "Core", "{E32E89AC-89CC-4AD9-BE5D-7BBE5953CEF2}"
EndProject
Project("{2150E333-8FDC-42A3-9474-1A3956D46DE8}") = "Infrastructure", "Infrastructure", "{22FE2DC4-8C9C-4106-BB5F-74332C75CBA8}"
EndProject
Project("{2150E333-8FDC-42A3-9474-1A3956D46DE8}") = "UI", "UI", "{D6CACDCC-BD39-4040-976D-999A5D50D667}"
EndProject
Project("{9A19103F-16F7-4668-BE54-9A1E7A4F7556}") = "Petshop.Core.Entity", "Petshop.Core.Entity1\Petshop.Core.Entity.csproj", "{BD8D028D-1374-4137-BAF5-CC738678FECA}"
EndProject
Project("{9A19103F-16F7-4668-BE54-9A1E7A4F7556}") = "Petshop.Infrastructure.Data", "Petshop.Infrastructure.Core\Petshop.Infrastructure.Data.csproj", "{112CE7D3-2409-45C4-9C4D-2644479C0FB7}"
EndProject
Project("{9A19103F-16F7-4668-BE54-9A1E7A4F7556}") = "Petshop.Restapi", "Petshop.Restapi\Petshop.Restapi.csproj", "{FAE22148-895E-49D6-9ED8-C1EA7BB5A31F}"
EndProject
Global
	GlobalSection(SolutionConfigurationPlatforms) = preSolution
		Debug|Any CPU = Debug|Any CPU
		Release|Any CPU = Release|Any CPU
	EndGlobalSection
	GlobalSection(ProjectConfigurationPlatforms) = postSolution
		{FA3FCB7A-A532-4C49-A8DA-47FF117C70D0}.Debug|Any CPU.ActiveCfg = Debug|Any CPU
		{FA3FCB7A-A532-4C49-A8DA-47FF117C70D0}.Debug|Any CPU.Build.0 = Debug|Any CPU
		{FA3FCB7A-A532-4C49-A8DA-47FF117C70D0}.Release|Any CPU.ActiveCfg = Release|Any CPU
		{FA3FCB7A-A532-4C49-A8DA-47FF117C70D0}.Release|Any CPU.Build.0 = Release|Any CPU
		{BD8D028D-1374-4137-BAF5-CC738678FECA}.Debug|Any CPU.ActiveCfg = Debug|Any CPU
		{BD8D028D-1374-4137-BAF5-CC738678FECA}.Debug|Any CPU.Build.0 = Debug|Any CPU
		{BD8D028D-1374-4137-BAF5-CC738678FECA}.Release|Any CPU.ActiveCfg = Release|Any CPU
		{BD8D028D-1374-4137-BAF5-CC738678FECA}.Release|Any CPU.Build.0 = Release|Any CPU
		{112CE7D3-2409-45C4-9C4D-2644479C0FB7}.Debug|Any CPU.ActiveCfg = Debug|Any CPU
		{112CE7D3-2409-45C4-9C4D-2644479C0FB7}.Debug|Any CPU.Build.0 = Debug|Any CPU
		{112CE7D3-2409-45C4-9C4D-2644479C0FB7}.Release|Any CPU.ActiveCfg = Release|Any CPU
		{112CE7D3-2409-45C4-9C4D-2644479C0FB7}.Release|Any CPU.Build.0 = Release|Any CPU
		{FAE22148-895E-49D6-9ED8-C1EA7BB5A31F}.Debug|Any CPU.ActiveCfg = Debug|Any CPU
		{FAE22148-895E-49D6-9ED8-C1EA7BB5A31F}.Debug|Any CPU.Build.0 = Debug|Any CPU
		{FAE22148-895E-49D6-9ED8-C1EA7BB5A31F}.Release|Any CPU.ActiveCfg = Release|Any CPU
		{FAE22148-895E-49D6-9ED8-C1EA7BB5A31F}.Release|Any CPU.Build.0 = Release|Any CPU
	EndGlobalSection
	GlobalSection(SolutionProperties) = preSolution
		HideSolutionNode = FALSE
	EndGlobalSection
	GlobalSection(NestedProjects) = preSolution
		{FA3FCB7A-A532-4C49-A8DA-47FF117C70D0} = {E32E89AC-89CC-4AD9-BE5D-7BBE5953CEF2}
		{BD8D028D-1374-4137-BAF5-CC738678FECA} = {E32E89AC-89CC-4AD9-BE5D-7BBE5953CEF2}
		{112CE7D3-2409-45C4-9C4D-2644479C0FB7} = {22FE2DC4-8C9C-4106-BB5F-74332C75CBA8}
		{FAE22148-895E-49D6-9ED8-C1EA7BB5A31F} = {D6CACDCC-BD39-4040-976D-999A5D50D667}
	EndGlobalSection
	GlobalSection(ExtensibilityGlobals) = postSolution
		SolutionGuid = {9543A3BD-5404-4F06-9570-9ADDB7D9BF60}
	EndGlobalSection
EndGlobal
